
Microsoft Visual Studio Solution File, Format Version 12.00
# Visual Studio Version 16
VisualStudioVersion = 16.0.808.5
MinimumVisualStudioVersion = 10.0.40219.1
Project("{FAE04EC0-301F-11D3-BF4B-00C04F79EFBC}") = "Project02", "Project02.csproj", "{E548F05F-C0D5-4BA0-A1EE-361FA2387BFD}"
EndProject
Global
	GlobalSection(SolutionConfigurationPlatforms) = preSolution
		Debug|Any CPU = Debug|Any CPU
		Release|Any CPU = Release|Any CPU
	EndGlobalSection
	GlobalSection(ProjectConfigurationPlatforms) = postSolution
		{E548F05F-C0D5-4BA0-A1EE-361FA2387BFD}.Debug|Any CPU.ActiveCfg = Debug|Any CPU
		{E548F05F-C0D5-4BA0-A1EE-361FA2387BFD}.Debug|Any CPU.Build.0 = Debug|Any CPU
		{E548F05F-C0D5-4BA0-A1EE-361FA2387BFD}.Release|Any CPU.ActiveCfg = Release|Any CPU
		{E548F05F-C0D5-4BA0-A1EE-361FA2387BFD}.Release|Any CPU.Build.0 = Release|Any CPU
	EndGlobalSection
	GlobalSection(SolutionProperties) = preSolution
		HideSolutionNode = FALSE
	EndGlobalSection
	GlobalSection(ExtensibilityGlobals) = postSolution
		SolutionGuid = {B1E4F0BF-DACE-47BA-9A8D-CD4C5670199E}
	EndGlobalSection
EndGlobal
